// !$*UTF8*$!
{
	archiveVersion = 1;
	classes = {
	};
	objectVersion = 50;
	objects = {

/* Begin PBXBuildFile section */
		76297690255E2F4B00C83FF7 /* readMessage.swift in Sources */ = {isa = PBXBuildFile; fileRef = 7629768F255E2F4B00C83FF7 /* readMessage.swift */; };
		76297698255E442C00C83FF7 /* sendMessage.swift in Sources */ = {isa = PBXBuildFile; fileRef = 76297697255E442C00C83FF7 /* sendMessage.swift */; };
		762976D1256A2D3300C83FF7 /* messageType.swift in Sources */ = {isa = PBXBuildFile; fileRef = 762976D0256A2D3300C83FF7 /* messageType.swift */; };
		762976D8256A662D00C83FF7 /* settingBar.swift in Sources */ = {isa = PBXBuildFile; fileRef = 762976D7256A662D00C83FF7 /* settingBar.swift */; };
		767D7A6B255D9671001EFFE7 /* ios_tcpApp.swift in Sources */ = {isa = PBXBuildFile; fileRef = 767D7A6A255D9671001EFFE7 /* ios_tcpApp.swift */; };
		767D7A6D255D9671001EFFE7 /* ContentView.swift in Sources */ = {isa = PBXBuildFile; fileRef = 767D7A6C255D9671001EFFE7 /* ContentView.swift */; };
		767D7A6F255D9676001EFFE7 /* Assets.xcassets in Resources */ = {isa = PBXBuildFile; fileRef = 767D7A6E255D9676001EFFE7 /* Assets.xcassets */; };
		767D7A72255D9676001EFFE7 /* Preview Assets.xcassets in Resources */ = {isa = PBXBuildFile; fileRef = 767D7A71255D9676001EFFE7 /* Preview Assets.xcassets */; };
/* End PBXBuildFile section */

/* Begin PBXFileReference section */
		7629768F255E2F4B00C83FF7 /* readMessage.swift */ = {isa = PBXFileReference; lastKnownFileType = sourcecode.swift; path = readMessage.swift; sourceTree = "<group>"; };
		76297697255E442C00C83FF7 /* sendMessage.swift */ = {isa = PBXFileReference; lastKnownFileType = sourcecode.swift; path = sendMessage.swift; sourceTree = "<group>"; };
		762976D0256A2D3300C83FF7 /* messageType.swift */ = {isa = PBXFileReference; lastKnownFileType = sourcecode.swift; path = messageType.swift; sourceTree = "<group>"; };
		762976D7256A662D00C83FF7 /* settingBar.swift */ = {isa = PBXFileReference; lastKnownFileType = sourcecode.swift; path = settingBar.swift; sourceTree = "<group>"; };
		767D7A67255D9671001EFFE7 /* ios_tcp.app */ = {isa = PBXFileReference; explicitFileType = wrapper.application; includeInIndex = 0; path = ios_tcp.app; sourceTree = BUILT_PRODUCTS_DIR; };
		767D7A6A255D9671001EFFE7 /* ios_tcpApp.swift */ = {isa = PBXFileReference; lastKnownFileType = sourcecode.swift; path = ios_tcpApp.swift; sourceTree = "<group>"; };
		767D7A6C255D9671001EFFE7 /* ContentView.swift */ = {isa = PBXFileReference; lastKnownFileType = sourcecode.swift; path = ContentView.swift; sourceTree = "<group>"; };
		767D7A6E255D9676001EFFE7 /* Assets.xcassets */ = {isa = PBXFileReference; lastKnownFileType = folder.assetcatalog; path = Assets.xcassets; sourceTree = "<group>"; };
		767D7A71255D9676001EFFE7 /* Preview Assets.xcassets */ = {isa = PBXFileReference; lastKnownFileType = folder.assetcatalog; path = "Preview Assets.xcassets"; sourceTree = "<group>"; };
		767D7A73255D9676001EFFE7 /* Info.plist */ = {isa = PBXFileReference; lastKnownFileType = text.plist.xml; path = Info.plist; sourceTree = "<group>"; };
/* End PBXFileReference section */

/* Begin PBXFrameworksBuildPhase section */
		767D7A64255D9671001EFFE7 /* Frameworks */ = {
			isa = PBXFrameworksBuildPhase;
			buildActionMask = 2147483647;
			files = (
			);
			runOnlyForDeploymentPostprocessing = 0;
		};
/* End PBXFrameworksBuildPhase section */

/* Begin PBXGroup section */
		762976D3256A2D7B00C83FF7 /* readMessage */ = {
			isa = PBXGroup;
			children = (
				7629768F255E2F4B00C83FF7 /* readMessage.swift */,
				762976D0256A2D3300C83FF7 /* messageType.swift */,
			);
			path = readMessage;
			sourceTree = "<group>";
		};
		767D7A5E255D9671001EFFE7 = {
			isa = PBXGroup;
			children = (
				767D7A69255D9671001EFFE7 /* ios_tcp */,
				767D7A68255D9671001EFFE7 /* Products */,
			);
			sourceTree = "<group>";
		};
		767D7A68255D9671001EFFE7 /* Products */ = {
			isa = PBXGroup;
			children = (
				767D7A67255D9671001EFFE7 /* ios_tcp.app */,
			);
			name = Products;
			sourceTree = "<group>";
		};
		767D7A69255D9671001EFFE7 /* ios_tcp */ = {
			isa = PBXGroup;
			children = (
				762976D3256A2D7B00C83FF7 /* readMessage */,
				76297697255E442C00C83FF7 /* sendMessage.swift */,
				762976D7256A662D00C83FF7 /* settingBar.swift */,
				767D7A6A255D9671001EFFE7 /* ios_tcpApp.swift */,
				767D7A6C255D9671001EFFE7 /* ContentView.swift */,
				767D7A6E255D9676001EFFE7 /* Assets.xcassets */,
				767D7A73255D9676001EFFE7 /* Info.plist */,
				767D7A70255D9676001EFFE7 /* Preview Content */,
			);
			path = ios_tcp;
			sourceTree = "<group>";
		};
		767D7A70255D9676001EFFE7 /* Preview Content */ = {
			isa = PBXGroup;
			children = (
				767D7A71255D9676001EFFE7 /* Preview Assets.xcassets */,
			);
			path = "Preview Content";
			sourceTree = "<group>";
		};
/* End PBXGroup section */

/* Begin PBXNativeTarget section */
		767D7A66255D9671001EFFE7 /* ios_tcp */ = {
			isa = PBXNativeTarget;
			buildConfigurationList = 767D7A76255D9676001EFFE7 /* Build configuration list for PBXNativeTarget "ios_tcp" */;
			buildPhases = (
				767D7A63255D9671001EFFE7 /* Sources */,
				767D7A64255D9671001EFFE7 /* Frameworks */,
				767D7A65255D9671001EFFE7 /* Resources */,
			);
			buildRules = (
			);
			dependencies = (
			);
			name = ios_tcp;
			productName = ios_tcp;
			productReference = 767D7A67255D9671001EFFE7 /* ios_tcp.app */;
			productType = "com.apple.product-type.application";
		};
/* End PBXNativeTarget section */

/* Begin PBXProject section */
		767D7A5F255D9671001EFFE7 /* Project object */ = {
			isa = PBXProject;
			attributes = {
				LastSwiftUpdateCheck = 1210;
				LastUpgradeCheck = 1210;
				TargetAttributes = {
					767D7A66255D9671001EFFE7 = {
						CreatedOnToolsVersion = 12.1;
					};
				};
			};
			buildConfigurationList = 767D7A62255D9671001EFFE7 /* Build configuration list for PBXProject "ios_tcp" */;
			compatibilityVersion = "Xcode 9.3";
			developmentRegion = en;
			hasScannedForEncodings = 0;
			knownRegions = (
				en,
				Base,
			);
			mainGroup = 767D7A5E255D9671001EFFE7;
			productRefGroup = 767D7A68255D9671001EFFE7 /* Products */;
			projectDirPath = "";
			projectRoot = "";
			targets = (
				767D7A66255D9671001EFFE7 /* ios_tcp */,
			);
		};
/* End PBXProject section */

/* Begin PBXResourcesBuildPhase section */
		767D7A65255D9671001EFFE7 /* Resources */ = {
			isa = PBXResourcesBuildPhase;
			buildActionMask = 2147483647;
			files = (
				767D7A72255D9676001EFFE7 /* Preview Assets.xcassets in Resources */,
				767D7A6F255D9676001EFFE7 /* Assets.xcassets in Resources */,
			);
			runOnlyForDeploymentPostprocessing = 0;
		};
/* End PBXResourcesBuildPhase section */

/* Begin PBXSourcesBuildPhase section */
		767D7A63255D9671001EFFE7 /* Sources */ = {
			isa = PBXSourcesBuildPhase;
			buildActionMask = 2147483647;
			files = (
				762976D1256A2D3300C83FF7 /* messageType.swift in Sources */,
				767D7A6D255D9671001EFFE7 /* ContentView.swift in Sources */,
				76297690255E2F4B00C83FF7 /* readMessage.swift in Sources */,
				767D7A6B255D9671001EFFE7 /* ios_tcpApp.swift in Sources */,
				762976D8256A662D00C83FF7 /* settingBar.swift in Sources */,
				76297698255E442C00C83FF7 /* sendMessage.swift in Sources */,
			);
			runOnlyForDeploymentPostprocessing = 0;
		};
/* End PBXSourcesBuildPhase section */

/* Begin XCBuildConfiguration section */
		767D7A74255D9676001EFFE7 /* Debug */ = {
			isa = XCBuildConfiguration;
			buildSettings = {
				ALWAYS_SEARCH_USER_PATHS = NO;
				CLANG_ANALYZER_NONNULL = YES;
				CLANG_ANALYZER_NUMBER_OBJECT_CONVERSION = YES_AGGRESSIVE;
				CLANG_CXX_LANGUAGE_STANDARD = "gnu++14";
				CLANG_CXX_LIBRARY = "libc++";
				CLANG_ENABLE_MODULES = YES;
				CLANG_ENABLE_OBJC_ARC = YES;
				CLANG_ENABLE_OBJC_WEAK = YES;
				CLANG_WARN_BLOCK_CAPTURE_AUTORELEASING = YES;
				CLANG_WARN_BOOL_CONVERSION = YES;
				CLANG_WARN_COMMA = YES;
				CLANG_WARN_CONSTANT_CONVERSION = YES;
				CLANG_WARN_DEPRECATED_OBJC_IMPLEMENTATIONS = YES;
				CLANG_WARN_DIRECT_OBJC_ISA_USAGE = YES_ERROR;
				CLANG_WARN_DOCUMENTATION_COMMENTS = YES;
				CLANG_WARN_EMPTY_BODY = YES;
				CLANG_WARN_ENUM_CONVERSION = YES;
				CLANG_WARN_INFINITE_RECURSION = YES;
				CLANG_WARN_INT_CONVERSION = YES;
				CLANG_WARN_NON_LITERAL_NULL_CONVERSION = YES;
				CLANG_WARN_OBJC_IMPLICIT_RETAIN_SELF = YES;
				CLANG_WARN_OBJC_LITERAL_CONVERSION = YES;
				CLANG_WARN_OBJC_ROOT_CLASS = YES_ERROR;
				CLANG_WARN_QUOTED_INCLUDE_IN_FRAMEWORK_HEADER = YES;
				CLANG_WARN_RANGE_LOOP_ANALYSIS = YES;
				CLANG_WARN_STRICT_PROTOTYPES = YES;
				CLANG_WARN_SUSPICIOUS_MOVE = YES;
				CLANG_WARN_UNGUARDED_AVAILABILITY = YES_AGGRESSIVE;
				CLANG_WARN_UNREACHABLE_CODE = YES;
				CLANG_WARN__DUPLICATE_METHOD_MATCH = YES;
				COPY_PHASE_STRIP = NO;
				DEBUG_INFORMATION_FORMAT = dwarf;
				ENABLE_STRICT_OBJC_MSGSEND = YES;
				ENABLE_TESTABILITY = YES;
				GCC_C_LANGUAGE_STANDARD = gnu11;
				GCC_DYNAMIC_NO_PIC = NO;
				GCC_NO_COMMON_BLOCKS = YES;
				GCC_OPTIMIZATION_LEVEL = 0;
				GCC_PREPROCESSOR_DEFINITIONS = (
					"DEBUG=1",
					"$(inherited)",
				);
				GCC_WARN_64_TO_32_BIT_CONVERSION = YES;
				GCC_WARN_ABOUT_RETURN_TYPE = YES_ERROR;
				GCC_WARN_UNDECLARED_SELECTOR = YES;
				GCC_WARN_UNINITIALIZED_AUTOS = YES_AGGRESSIVE;
				GCC_WARN_UNUSED_FUNCTION = YES;
				GCC_WARN_UNUSED_VARIABLE = YES;
				IPHONEOS_DEPLOYMENT_TARGET = 14.1;
				MTL_ENABLE_DEBUG_INFO = INCLUDE_SOURCE;
				MTL_FAST_MATH = YES;
				ONLY_ACTIVE_ARCH = YES;
				SDKROOT = iphoneos;
				SWIFT_ACTIVE_COMPILATION_CONDITIONS = DEBUG;
				SWIFT_OPTIMIZATION_LEVEL = "-Onone";
			};
			name = Debug;
		};
		767D7A75255D9676001EFFE7 /* Release */ = {
			isa = XCBuildConfiguration;
			buildSettings = {
				ALWAYS_SEARCH_USER_PATHS = NO;
				CLANG_ANALYZER_NONNULL = YES;
				CLANG_ANALYZER_NUMBER_OBJECT_CONVERSION = YES_AGGRESSIVE;
				CLANG_CXX_LANGUAGE_STANDARD = "gnu++14";
				CLANG_CXX_LIBRARY = "libc++";
				CLANG_ENABLE_MODULES = YES;
				CLANG_ENABLE_OBJC_ARC = YES;
				CLANG_ENABLE_OBJC_WEAK = YES;
				CLANG_WARN_BLOCK_CAPTURE_AUTORELEASING = YES;
				CLANG_WARN_BOOL_CONVERSION = YES;
				CLANG_WARN_COMMA = YES;
				CLANG_WARN_CONSTANT_CONVERSION = YES;
				CLANG_WARN_DEPRECATED_OBJC_IMPLEMENTATIONS = YES;
				CLANG_WARN_DIRECT_OBJC_ISA_USAGE = YES_ERROR;
				CLANG_WARN_DOCUMENTATION_COMMENTS = YES;
				CLANG_WARN_EMPTY_BODY = YES;
				CLANG_WARN_ENUM_CONVERSION = YES;
				CLANG_WARN_INFINITE_RECURSION = YES;
				CLANG_WARN_INT_CONVERSION = YES;
				CLANG_WARN_NON_LITERAL_NULL_CONVERSION = YES;
				CLANG_WARN_OBJC_IMPLICIT_RETAIN_SELF = YES;
				CLANG_WARN_OBJC_LITERAL_CONVERSION = YES;
				CLANG_WARN_OBJC_ROOT_CLASS = YES_ERROR;
				CLANG_WARN_QUOTED_INCLUDE_IN_FRAMEWORK_HEADER = YES;
				CLANG_WARN_RANGE_LOOP_ANALYSIS = YES;
				CLANG_WARN_STRICT_PROTOTYPES = YES;
				CLANG_WARN_SUSPICIOUS_MOVE = YES;
				CLANG_WARN_UNGUARDED_AVAILABILITY = YES_AGGRESSIVE;
				CLANG_WARN_UNREACHABLE_CODE = YES;
				CLANG_WARN__DUPLICATE_METHOD_MATCH = YES;
				COPY_PHASE_STRIP = NO;
				DEBUG_INFORMATION_FORMAT = "dwarf-with-dsym";
				ENABLE_NS_ASSERTIONS = NO;
				ENABLE_STRICT_OBJC_MSGSEND = YES;
				GCC_C_LANGUAGE_STANDARD = gnu11;
				GCC_NO_COMMON_BLOCKS = YES;
				GCC_WARN_64_TO_32_BIT_CONVERSION = YES;
				GCC_WARN_ABOUT_RETURN_TYPE = YES_ERROR;
				GCC_WARN_UNDECLARED_SELECTOR = YES;
				GCC_WARN_UNINITIALIZED_AUTOS = YES_AGGRESSIVE;
				GCC_WARN_UNUSED_FUNCTION = YES;
				GCC_WARN_UNUSED_VARIABLE = YES;
				IPHONEOS_DEPLOYMENT_TARGET = 14.1;
				MTL_ENABLE_DEBUG_INFO = NO;
				MTL_FAST_MATH = YES;
				SDKROOT = iphoneos;
				SWIFT_COMPILATION_MODE = wholemodule;
				SWIFT_OPTIMIZATION_LEVEL = "-O";
				VALIDATE_PRODUCT = YES;
			};
			name = Release;
		};
		767D7A77255D9676001EFFE7 /* Debug */ = {
			isa = XCBuildConfiguration;
			buildSettings = {
				ASSETCATALOG_COMPILER_APPICON_NAME = AppIcon;
				ASSETCATALOG_COMPILER_GLOBAL_ACCENT_COLOR_NAME = AccentColor;
				CODE_SIGN_STYLE = Automatic;
				DEVELOPMENT_ASSET_PATHS = "\"ios_tcp/Preview Content\"";
				ENABLE_PREVIEWS = YES;
				INFOPLIST_FILE = ios_tcp/Info.plist;
				IPHONEOS_DEPLOYMENT_TARGET = 14.0;
				LD_RUNPATH_SEARCH_PATHS = (
					"$(inherited)",
					"@executable_path/Frameworks",
				);
				PRODUCT_BUNDLE_IDENTIFIER = "FCU-ios.ios-tcp";
				PRODUCT_NAME = "$(TARGET_NAME)";
				SWIFT_VERSION = 5.0;
				TARGETED_DEVICE_FAMILY = "1,2";
			};
			name = Debug;
		};
		767D7A78255D9676001EFFE7 /* Release */ = {
			isa = XCBuildConfiguration;
			buildSettings = {
				ASSETCATALOG_COMPILER_APPICON_NAME = AppIcon;
				ASSETCATALOG_COMPILER_GLOBAL_ACCENT_COLOR_NAME = AccentColor;
				CODE_SIGN_STYLE = Automatic;
				DEVELOPMENT_ASSET_PATHS = "\"ios_tcp/Preview Content\"";
				ENABLE_PREVIEWS = YES;
				INFOPLIST_FILE = ios_tcp/Info.plist;
				IPHONEOS_DEPLOYMENT_TARGET = 14.0;
				LD_RUNPATH_SEARCH_PATHS = (
					"$(inherited)",
					"@executable_path/Frameworks",
				);
				PRODUCT_BUNDLE_IDENTIFIER = "FCU-ios.ios-tcp";
				PRODUCT_NAME = "$(TARGET_NAME)";
				SWIFT_VERSION = 5.0;
				TARGETED_DEVICE_FAMILY = "1,2";
			};
			name = Release;
		};
/* End XCBuildConfiguration section */

/* Begin XCConfigurationList section */
		767D7A62255D9671001EFFE7 /* Build configuration list for PBXProject "ios_tcp" */ = {
			isa = XCConfigurationList;
			buildConfigurations = (
				767D7A74255D9676001EFFE7 /* Debug */,
				767D7A75255D9676001EFFE7 /* Release */,
			);
			defaultConfigurationIsVisible = 0;
			defaultConfigurationName = Release;
		};
		767D7A76255D9676001EFFE7 /* Build configuration list for PBXNativeTarget "ios_tcp" */ = {
			isa = XCConfigurationList;
			buildConfigurations = (
				767D7A77255D9676001EFFE7 /* Debug */,
				767D7A78255D9676001EFFE7 /* Release */,
			);
			defaultConfigurationIsVisible = 0;
			defaultConfigurationName = Release;
		};
/* End XCConfigurationList section */
	};
	rootObject = 767D7A5F255D9671001EFFE7 /* Project object */;
}
